
Microsoft Visual Studio Solution File, Format Version 11.00
# Visual Studio 2010
Project("{FAE04EC0-301F-11D3-BF4B-00C04F79EFBC}") = "csGaming", "Assembly-CSharp.csproj", "{14574FB0-09A2-CCFB-DC92-98DC7EA6C8BC}"
EndProject
Project("{FAE04EC0-301F-11D3-BF4B-00C04F79EFBC}") = "csGaming", "Assembly-CSharp-Editor.csproj", "{537D9370-3770-18FB-9535-365E4C6009F3}"
EndProject
Global
	GlobalSection(SolutionConfigurationPlatforms) = preSolution
		Debug|Any CPU = Debug|Any CPU
		Release|Any CPU = Release|Any CPU
	EndGlobalSection
	GlobalSection(ProjectConfigurationPlatforms) = postSolution
		{14574FB0-09A2-CCFB-DC92-98DC7EA6C8BC}.Debug|Any CPU.ActiveCfg = Debug|Any CPU
		{14574FB0-09A2-CCFB-DC92-98DC7EA6C8BC}.Debug|Any CPU.Build.0 = Debug|Any CPU
		{14574FB0-09A2-CCFB-DC92-98DC7EA6C8BC}.Release|Any CPU.ActiveCfg = Release|Any CPU
		{14574FB0-09A2-CCFB-DC92-98DC7EA6C8BC}.Release|Any CPU.Build.0 = Release|Any CPU
		{537D9370-3770-18FB-9535-365E4C6009F3}.Debug|Any CPU.ActiveCfg = Debug|Any CPU
		{537D9370-3770-18FB-9535-365E4C6009F3}.Debug|Any CPU.Build.0 = Debug|Any CPU
		{537D9370-3770-18FB-9535-365E4C6009F3}.Release|Any CPU.ActiveCfg = Release|Any CPU
		{537D9370-3770-18FB-9535-365E4C6009F3}.Release|Any CPU.Build.0 = Release|Any CPU
	EndGlobalSection
	GlobalSection(SolutionProperties) = preSolution
		HideSolutionNode = FALSE
	EndGlobalSection
	GlobalSection(MonoDevelopProperties) = preSolution
		StartupItem = Assembly-CSharp.csproj
	EndGlobalSection
EndGlobal
